
Microsoft Visual Studio Solution File, Format Version 12.00
Project("{FAE04EC0-301F-11D3-BF4B-00C04F79EFBC}") = "FeatureOverview", "FeatureOverview\FeatureOverview.csproj", "{8443E865-19C2-474A-B470-992D2391A8E7}"
EndProject
Global
	GlobalSection(SolutionConfigurationPlatforms) = preSolution
		Debug|Any CPU = Debug|Any CPU
		Release|Any CPU = Release|Any CPU
	EndGlobalSection
	GlobalSection(ProjectConfigurationPlatforms) = postSolution
		{8443E865-19C2-474A-B470-992D2391A8E7}.Debug|Any CPU.ActiveCfg = Debug|Any CPU
		{8443E865-19C2-474A-B470-992D2391A8E7}.Debug|Any CPU.Build.0 = Debug|Any CPU
		{8443E865-19C2-474A-B470-992D2391A8E7}.Release|Any CPU.ActiveCfg = Release|Any CPU
		{8443E865-19C2-474A-B470-992D2391A8E7}.Release|Any CPU.Build.0 = Release|Any CPU
	EndGlobalSection
EndGlobal
