
Microsoft Visual Studio Solution File, Format Version 12.00
Project("{FAE04EC0-301F-11D3-BF4B-00C04F79EFBC}") = "ChatApp", "ChatApp\ChatApp.csproj", "{5627CBFF-C054-4533-BD68-A9253815B1B0}"
EndProject
Project("{FAE04EC0-301F-11D3-BF4B-00C04F79EFBC}") = "DrawingGame", "DrawingGame\DrawingGame.csproj", "{339FEEEA-F8BD-4015-B26B-8B6C13A930B6}"
EndProject
Project("{FAE04EC0-301F-11D3-BF4B-00C04F79EFBC}") = "Notifications", "Notifications\Notifications.csproj", "{467F8E09-0580-41CC-9720-21AB2DBB6271}"
EndProject
Project("{FAE04EC0-301F-11D3-BF4B-00C04F79EFBC}") = "VideoStreaming", "VideoStreaming\VideoStreaming.csproj", "{79DBD588-6768-46DA-935D-A65E6575D9F1}"
EndProject
Project("{FAE04EC0-301F-11D3-BF4B-00C04F79EFBC}") = "Collaboration", "Collaboration\Collaboration.csproj", "{711536C4-BFB8-4C54-B4E5-E0EF924B78DF}"
EndProject
Global
	GlobalSection(SolutionConfigurationPlatforms) = preSolution
		Debug|Any CPU = Debug|Any CPU
		Release|Any CPU = Release|Any CPU
	EndGlobalSection
	GlobalSection(ProjectConfigurationPlatforms) = postSolution
		{5627CBFF-C054-4533-BD68-A9253815B1B0}.Debug|Any CPU.ActiveCfg = Debug|Any CPU
		{5627CBFF-C054-4533-BD68-A9253815B1B0}.Debug|Any CPU.Build.0 = Debug|Any CPU
		{5627CBFF-C054-4533-BD68-A9253815B1B0}.Release|Any CPU.ActiveCfg = Release|Any CPU
		{5627CBFF-C054-4533-BD68-A9253815B1B0}.Release|Any CPU.Build.0 = Release|Any CPU
		{339FEEEA-F8BD-4015-B26B-8B6C13A930B6}.Debug|Any CPU.ActiveCfg = Debug|Any CPU
		{339FEEEA-F8BD-4015-B26B-8B6C13A930B6}.Debug|Any CPU.Build.0 = Debug|Any CPU
		{339FEEEA-F8BD-4015-B26B-8B6C13A930B6}.Release|Any CPU.ActiveCfg = Release|Any CPU
		{339FEEEA-F8BD-4015-B26B-8B6C13A930B6}.Release|Any CPU.Build.0 = Release|Any CPU
		{467F8E09-0580-41CC-9720-21AB2DBB6271}.Debug|Any CPU.ActiveCfg = Debug|Any CPU
		{467F8E09-0580-41CC-9720-21AB2DBB6271}.Debug|Any CPU.Build.0 = Debug|Any CPU
		{467F8E09-0580-41CC-9720-21AB2DBB6271}.Release|Any CPU.ActiveCfg = Release|Any CPU
		{467F8E09-0580-41CC-9720-21AB2DBB6271}.Release|Any CPU.Build.0 = Release|Any CPU
		{79DBD588-6768-46DA-935D-A65E6575D9F1}.Debug|Any CPU.ActiveCfg = Debug|Any CPU
		{79DBD588-6768-46DA-935D-A65E6575D9F1}.Debug|Any CPU.Build.0 = Debug|Any CPU
		{79DBD588-6768-46DA-935D-A65E6575D9F1}.Release|Any CPU.ActiveCfg = Release|Any CPU
		{79DBD588-6768-46DA-935D-A65E6575D9F1}.Release|Any CPU.Build.0 = Release|Any CPU
		{711536C4-BFB8-4C54-B4E5-E0EF924B78DF}.Debug|Any CPU.ActiveCfg = Debug|Any CPU
		{711536C4-BFB8-4C54-B4E5-E0EF924B78DF}.Debug|Any CPU.Build.0 = Debug|Any CPU
		{711536C4-BFB8-4C54-B4E5-E0EF924B78DF}.Release|Any CPU.ActiveCfg = Release|Any CPU
		{711536C4-BFB8-4C54-B4E5-E0EF924B78DF}.Release|Any CPU.Build.0 = Release|Any CPU
	EndGlobalSection
EndGlobal
