
Microsoft Visual Studio Solution File, Format Version 12.00
Project("{FAE04EC0-301F-11D3-BF4B-00C04F79EFBC}") = "CustomClient", "CustomClient\CustomClient.csproj", "{496BC520-74B8-4084-9A7D-C63D1B71B4B7}"
EndProject
Global
	GlobalSection(SolutionConfigurationPlatforms) = preSolution
		Debug|Any CPU = Debug|Any CPU
		Release|Any CPU = Release|Any CPU
	EndGlobalSection
	GlobalSection(ProjectConfigurationPlatforms) = postSolution
		{496BC520-74B8-4084-9A7D-C63D1B71B4B7}.Debug|Any CPU.ActiveCfg = Debug|Any CPU
		{496BC520-74B8-4084-9A7D-C63D1B71B4B7}.Debug|Any CPU.Build.0 = Debug|Any CPU
		{496BC520-74B8-4084-9A7D-C63D1B71B4B7}.Release|Any CPU.ActiveCfg = Release|Any CPU
		{496BC520-74B8-4084-9A7D-C63D1B71B4B7}.Release|Any CPU.Build.0 = Release|Any CPU
	EndGlobalSection
EndGlobal
